PODS:
  - AssociatedValues (3.0.0)
  - SwiftCallbacks (4.0.0):
    - AssociatedValues (~> 3.0.0)

DEPENDENCIES:
  - AssociatedValues (~> 3.0.0)
  - SwiftCallbacks (from `../SwiftCallbacks`)

EXTERNAL SOURCES:
  SwiftCallbacks:
    :path: ../SwiftCallbacks

SPEC CHECKSUMS:
  AssociatedValues: 5c29f5c0bb2672cf9ef0394bcbe3ce28b9fa0c2a
  SwiftCallbacks: 8fdd3aa74f760075abc49db90a2e6f91f3ddcbec

PODFILE CHECKSUM: 8a1445aa1e8aef788d00a4798b7a475bf6803efa

COCOAPODS: 1.4.0
